// !$*UTF8*$!
{
	archiveVersion = 1;
	classes = {
	};
	objectVersion = 77;
	objects = {

/* Begin PBXBuildFile section */
		110000000000000000000001 /* HyperlocalNewsApp.swift in Sources */ = {isa = PBXBuildFile; fileRef = 120000000000000000000001 /* HyperlocalNewsApp.swift */; };
		110000000000000000000002 /* ContentView.swift in Sources */ = {isa = PBXBuildFile; fileRef = 120000000000000000000002 /* ContentView.swift */; };
		110000000000000000000003 /* AppConfiguration.swift in Sources */ = {isa = PBXBuildFile; fileRef = 120000000000000000000004 /* AppConfiguration.swift */; };
		110000000000000000000004 /* AuthService.swift in Sources */ = {isa = PBXBuildFile; fileRef = 120000000000000000000005 /* AuthService.swift */; };
		110000000000000000000005 /* AuthenticationView.swift in Sources */ = {isa = PBXBuildFile; fileRef = 120000000000000000000006 /* AuthenticationView.swift */; };
		110000000000000000000006 /* WeatherService.swift in Sources */ = {isa = PBXBuildFile; fileRef = 120000000000000000000007 /* WeatherService.swift */; };
		110000000000000000000007 /* ChatAPIService.swift in Sources */ = {isa = PBXBuildFile; fileRef = 120000000000000000000008 /* ChatAPIService.swift */; };
		110000000000000000000008 /* ChatHistoryService.swift in Sources */ = {isa = PBXBuildFile; fileRef = 120000000000000000000009 /* ChatHistoryService.swift */; };
		110000000000000000000009 /* MBTAService.swift in Sources */ = {isa = PBXBuildFile; fileRef = 120000000000000000000010 /* MBTAService.swift */; };
		11000000000000000000000A /* TransitMapView.swift in Sources */ = {isa = PBXBuildFile; fileRef = 120000000000000000000011 /* TransitMapView.swift */; };
		110000000000000000000101 /* WeatherMascotSunny.png in Resources */ = {isa = PBXBuildFile; fileRef = 120000000000000000000101 /* WeatherMascotSunny.png */; };
		110000000000000000000102 /* WeatherMascotCloudy.png in Resources */ = {isa = PBXBuildFile; fileRef = 120000000000000000000102 /* WeatherMascotCloudy.png */; };
		110000000000000000000103 /* WeatherMascotRainy.png in Resources */ = {isa = PBXBuildFile; fileRef = 120000000000000000000103 /* WeatherMascotRainy.png */; };
		110000000000000000000104 /* WeatherMascotStormy.png in Resources */ = {isa = PBXBuildFile; fileRef = 120000000000000000000104 /* WeatherMascotStormy.png */; };
		110000000000000000000105 /* WeatherMascotSnowy.png in Resources */ = {isa = PBXBuildFile; fileRef = 120000000000000000000105 /* WeatherMascotSnowy.png */; };
		110000000000000000000106 /* WeatherMascotNight.png in Resources */ = {isa = PBXBuildFile; fileRef = 120000000000000000000106 /* WeatherMascotNight.png */; };
/* End PBXBuildFile section */

/* Begin PBXFileReference section */
		120000000000000000000001 /* HyperlocalNewsApp.swift */ = {isa = PBXFileReference; lastKnownFileType = sourcecode.swift; path = HyperlocalNewsApp.swift; sourceTree = "<group>"; };
		120000000000000000000002 /* ContentView.swift */ = {isa = PBXFileReference; lastKnownFileType = sourcecode.swift; path = ContentView.swift; sourceTree = "<group>"; };
		120000000000000000000003 /* HyperlocalNews.app */ = {isa = PBXFileReference; explicitFileType = wrapper.application; includeInIndex = 0; path = HyperlocalNews.app; sourceTree = BUILT_PRODUCTS_DIR; };
		120000000000000000000004 /* AppConfiguration.swift */ = {isa = PBXFileReference; lastKnownFileType = sourcecode.swift; path = AppConfiguration.swift; sourceTree = "<group>"; };
		120000000000000000000005 /* AuthService.swift */ = {isa = PBXFileReference; lastKnownFileType = sourcecode.swift; path = AuthService.swift; sourceTree = "<group>"; };
		120000000000000000000006 /* AuthenticationView.swift */ = {isa = PBXFileReference; lastKnownFileType = sourcecode.swift; path = AuthenticationView.swift; sourceTree = "<group>"; };
		120000000000000000000007 /* WeatherService.swift */ = {isa = PBXFileReference; lastKnownFileType = sourcecode.swift; path = WeatherService.swift; sourceTree = "<group>"; };
		120000000000000000000008 /* ChatAPIService.swift */ = {isa = PBXFileReference; lastKnownFileType = sourcecode.swift; path = ChatAPIService.swift; sourceTree = "<group>"; };
		120000000000000000000009 /* ChatHistoryService.swift */ = {isa = PBXFileReference; lastKnownFileType = sourcecode.swift; path = ChatHistoryService.swift; sourceTree = "<group>"; };
		120000000000000000000010 /* MBTAService.swift */ = {isa = PBXFileReference; lastKnownFileType = sourcecode.swift; path = MBTAService.swift; sourceTree = "<group>"; };
		120000000000000000000011 /* TransitMapView.swift */ = {isa = PBXFileReference; lastKnownFileType = sourcecode.swift; path = TransitMapView.swift; sourceTree = "<group>"; };
		120000000000000000000101 /* WeatherMascotSunny.png */ = {isa = PBXFileReference; lastKnownFileType = image.png; path = WeatherMascotSunny.png; sourceTree = "<group>"; };
		120000000000000000000102 /* WeatherMascotCloudy.png */ = {isa = PBXFileReference; lastKnownFileType = image.png; path = WeatherMascotCloudy.png; sourceTree = "<group>"; };
		120000000000000000000103 /* WeatherMascotRainy.png */ = {isa = PBXFileReference; lastKnownFileType = image.png; path = WeatherMascotRainy.png; sourceTree = "<group>"; };
		120000000000000000000104 /* WeatherMascotStormy.png */ = {isa = PBXFileReference; lastKnownFileType = image.png; path = WeatherMascotStormy.png; sourceTree = "<group>"; };
		120000000000000000000105 /* WeatherMascotSnowy.png */ = {isa = PBXFileReference; lastKnownFileType = image.png; path = WeatherMascotSnowy.png; sourceTree = "<group>"; };
		120000000000000000000106 /* WeatherMascotNight.png */ = {isa = PBXFileReference; lastKnownFileType = image.png; path = WeatherMascotNight.png; sourceTree = "<group>"; };
/* End PBXFileReference section */

/* Begin PBXFrameworksBuildPhase section */
		130000000000000000000001 /* Frameworks */ = {
			isa = PBXFrameworksBuildPhase;
			buildActionMask = 2147483647;
			files = (
			);
			runOnlyForDeploymentPostprocessing = 0;
		};
/* End PBXFrameworksBuildPhase section */

/* Begin PBXGroup section */
		140000000000000000000001 = {
			isa = PBXGroup;
			children = (
				140000000000000000000002 /* HyperlocalNews */,
				140000000000000000000003 /* Products */,
			);
			sourceTree = "<group>";
		};
		140000000000000000000002 /* HyperlocalNews */ = {
			isa = PBXGroup;
			children = (
				120000000000000000000001 /* HyperlocalNewsApp.swift */,
				120000000000000000000004 /* AppConfiguration.swift */,
				120000000000000000000005 /* AuthService.swift */,
				120000000000000000000006 /* AuthenticationView.swift */,
				120000000000000000000007 /* WeatherService.swift */,
				120000000000000000000008 /* ChatAPIService.swift */,
				120000000000000000000009 /* ChatHistoryService.swift */,
				120000000000000000000010 /* MBTAService.swift */,
				120000000000000000000011 /* TransitMapView.swift */,
				120000000000000000000002 /* ContentView.swift */,
				140000000000000000000101 /* Resources */,
			);
			path = HyperlocalNews;
			sourceTree = "<group>";
		};
		140000000000000000000101 /* Resources */ = {
			isa = PBXGroup;
			children = (
				120000000000000000000101 /* WeatherMascotSunny.png */,
				120000000000000000000102 /* WeatherMascotCloudy.png */,
				120000000000000000000103 /* WeatherMascotRainy.png */,
				120000000000000000000104 /* WeatherMascotStormy.png */,
				120000000000000000000105 /* WeatherMascotSnowy.png */,
				120000000000000000000106 /* WeatherMascotNight.png */,
			);
			path = Resources;
			sourceTree = "<group>";
		};
		140000000000000000000003 /* Products */ = {
			isa = PBXGroup;
			children = (
				120000000000000000000003 /* HyperlocalNews.app */,
			);
			name = Products;
			sourceTree = "<group>";
		};
/* End PBXGroup section */

/* Begin PBXNativeTarget section */
		150000000000000000000001 /* HyperlocalNews */ = {
			isa = PBXNativeTarget;
			buildConfigurationList = 190000000000000000000002 /* Build configuration list for PBXNativeTarget "HyperlocalNews" */;
			buildPhases = (
				170000000000000000000001 /* Sources */,
				130000000000000000000001 /* Frameworks */,
				160000000000000000000001 /* Resources */,
			);
			buildRules = (
			);
			dependencies = (
			);
			name = HyperlocalNews;
			packageProductDependencies = (
			);
			productName = HyperlocalNews;
			productReference = 120000000000000000000003 /* HyperlocalNews.app */;
			productType = "com.apple.product-type.application";
		};
/* End PBXNativeTarget section */

/* Begin PBXProject section */
		180000000000000000000001 /* Project object */ = {
			isa = PBXProject;
			attributes = {
				BuildIndependentTargetsInParallel = 1;
				LastSwiftUpdateCheck = 2660;
				LastUpgradeCheck = 2660;
				TargetAttributes = {
					150000000000000000000001 = {
						CreatedOnToolsVersion = 26.6;
					};
				};
			};
			buildConfigurationList = 190000000000000000000001 /* Build configuration list for PBXProject "HyperlocalNews" */;
			compatibilityVersion = "Xcode 16.0";
			developmentRegion = en;
			hasScannedForEncodings = 0;
			knownRegions = (
				en,
				Base,
			);
			mainGroup = 140000000000000000000001;
			minimizedProjectReferenceProxies = 1;
			preferredProjectObjectVersion = 77;
			productRefGroup = 140000000000000000000003 /* Products */;
			projectDirPath = "";
			projectRoot = "";
			targets = (
				150000000000000000000001 /* HyperlocalNews */,
			);
		};
/* End PBXProject section */

/* Begin PBXResourcesBuildPhase section */
		160000000000000000000001 /* Resources */ = {
			isa = PBXResourcesBuildPhase;
			buildActionMask = 2147483647;
			files = (
				110000000000000000000101 /* WeatherMascotSunny.png in Resources */,
				110000000000000000000102 /* WeatherMascotCloudy.png in Resources */,
				110000000000000000000103 /* WeatherMascotRainy.png in Resources */,
				110000000000000000000104 /* WeatherMascotStormy.png in Resources */,
				110000000000000000000105 /* WeatherMascotSnowy.png in Resources */,
				110000000000000000000106 /* WeatherMascotNight.png in Resources */,
			);
			runOnlyForDeploymentPostprocessing = 0;
		};
/* End PBXResourcesBuildPhase section */

/* Begin PBXSourcesBuildPhase section */
		170000000000000000000001 /* Sources */ = {
			isa = PBXSourcesBuildPhase;
			buildActionMask = 2147483647;
			files = (
				110000000000000000000001 /* HyperlocalNewsApp.swift in Sources */,
				110000000000000000000003 /* AppConfiguration.swift in Sources */,
				110000000000000000000004 /* AuthService.swift in Sources */,
				110000000000000000000005 /* AuthenticationView.swift in Sources */,
				110000000000000000000006 /* WeatherService.swift in Sources */,
				110000000000000000000007 /* ChatAPIService.swift in Sources */,
				110000000000000000000008 /* ChatHistoryService.swift in Sources */,
				110000000000000000000009 /* MBTAService.swift in Sources */,
				11000000000000000000000A /* TransitMapView.swift in Sources */,
				110000000000000000000002 /* ContentView.swift in Sources */,
			);
			runOnlyForDeploymentPostprocessing = 0;
		};
/* End PBXSourcesBuildPhase section */

/* Begin XCBuildConfiguration section */
		1A0000000000000000000001 /* Debug */ = {
			isa = XCBuildConfiguration;
			buildSettings = {
				ALWAYS_SEARCH_USER_PATHS = NO;
				CLANG_ANALYZER_NONNULL = YES;
				CLANG_ANALYZER_NUMBER_OBJECT_CONVERSION = YES_AGGRESSIVE;
				CLANG_CXX_LANGUAGE_STANDARD = "gnu++20";
				CLANG_ENABLE_MODULES = YES;
				CLANG_ENABLE_OBJC_ARC = YES;
				CLANG_WARN_BLOCK_CAPTURE_AUTORELEASING = YES;
				CLANG_WARN_BOOL_CONVERSION = YES;
				CLANG_WARN_COMMA = YES;
				CLANG_WARN_CONSTANT_CONVERSION = YES;
				CLANG_WARN_DEPRECATED_OBJC_IMPLEMENTATIONS = YES;
				CLANG_WARN_DIRECT_OBJC_ISA_USAGE = YES_ERROR;
				CLANG_WARN_DOCUMENTATION_COMMENTS = YES;
				CLANG_WARN_EMPTY_BODY = YES;
				CLANG_WARN_ENUM_CONVERSION = YES;
				CLANG_WARN_INFINITE_RECURSION = YES;
				CLANG_WARN_INT_CONVERSION = YES;
				CLANG_WARN_NON_LITERAL_NULL_CONVERSION = YES;
				CLANG_WARN_OBJC_IMPLICIT_RETAIN_SELF = YES;
				CLANG_WARN_OBJC_LITERAL_CONVERSION = YES;
				CLANG_WARN_OBJC_ROOT_CLASS = YES_ERROR;
				CLANG_WARN_QUOTED_INCLUDE_IN_FRAMEWORK_HEADER = YES;
				CLANG_WARN_RANGE_LOOP_ANALYSIS = YES;
				CLANG_WARN_STRICT_PROTOTYPES = YES;
				CLANG_WARN_SUSPICIOUS_MOVE = YES;
				CLANG_WARN_UNGUARDED_AVAILABILITY = YES_AGGRESSIVE;
				CLANG_WARN_UNREACHABLE_CODE = YES;
				CLANG_WARN__DUPLICATE_METHOD_MATCH = YES;
				COPY_PHASE_STRIP = NO;
				DEBUG_INFORMATION_FORMAT = dwarf;
				ENABLE_STRICT_OBJC_MSGSEND = YES;
				ENABLE_TESTABILITY = YES;
				ENABLE_USER_SCRIPT_SANDBOXING = YES;
				GCC_C_LANGUAGE_STANDARD = gnu17;
				GCC_NO_COMMON_BLOCKS = YES;
				GCC_OPTIMIZATION_LEVEL = 0;
				GCC_PREPROCESSOR_DEFINITIONS = (
					"DEBUG=1",
					"$(inherited)",
				);
				GCC_WARN_64_TO_32_BIT_CONVERSION = YES;
				GCC_WARN_ABOUT_RETURN_TYPE = YES_ERROR;
				GCC_WARN_UNDECLARED_SELECTOR = YES;
				GCC_WARN_UNINITIALIZED_AUTOS = YES_AGGRESSIVE;
				GCC_WARN_UNUSED_FUNCTION = YES;
				GCC_WARN_UNUSED_VARIABLE = YES;
				MTL_ENABLE_DEBUG_INFO = INCLUDE_SOURCE;
				MTL_FAST_MATH = YES;
				ONLY_ACTIVE_ARCH = YES;
				SWIFT_ACTIVE_COMPILATION_CONDITIONS = "DEBUG $(inherited)";
				SWIFT_OPTIMIZATION_LEVEL = "-Onone";
			};
			name = Debug;
		};
		1A0000000000000000000002 /* Release */ = {
			isa = XCBuildConfiguration;
			buildSettings = {
				ALWAYS_SEARCH_USER_PATHS = NO;
				CLANG_ANALYZER_NONNULL = YES;
				CLANG_ANALYZER_NUMBER_OBJECT_CONVERSION = YES_AGGRESSIVE;
				CLANG_CXX_LANGUAGE_STANDARD = "gnu++20";
				CLANG_ENABLE_MODULES = YES;
				CLANG_ENABLE_OBJC_ARC = YES;
				CLANG_WARN_BLOCK_CAPTURE_AUTORELEASING = YES;
				CLANG_WARN_BOOL_CONVERSION = YES;
				CLANG_WARN_COMMA = YES;
				CLANG_WARN_CONSTANT_CONVERSION = YES;
				CLANG_WARN_DEPRECATED_OBJC_IMPLEMENTATIONS = YES;
				CLANG_WARN_DIRECT_OBJC_ISA_USAGE = YES_ERROR;
				CLANG_WARN_DOCUMENTATION_COMMENTS = YES;
				CLANG_WARN_EMPTY_BODY = YES;
				CLANG_WARN_ENUM_CONVERSION = YES;
				CLANG_WARN_INFINITE_RECURSION = YES;
				CLANG_WARN_INT_CONVERSION = YES;
				CLANG_WARN_NON_LITERAL_NULL_CONVERSION = YES;
				CLANG_WARN_OBJC_IMPLICIT_RETAIN_SELF = YES;
				CLANG_WARN_OBJC_LITERAL_CONVERSION = YES;
				CLANG_WARN_OBJC_ROOT_CLASS = YES_ERROR;
				CLANG_WARN_QUOTED_INCLUDE_IN_FRAMEWORK_HEADER = YES;
				CLANG_WARN_RANGE_LOOP_ANALYSIS = YES;
				CLANG_WARN_STRICT_PROTOTYPES = YES;
				CLANG_WARN_SUSPICIOUS_MOVE = YES;
				CLANG_WARN_UNGUARDED_AVAILABILITY = YES_AGGRESSIVE;
				CLANG_WARN_UNREACHABLE_CODE = YES;
				CLANG_WARN__DUPLICATE_METHOD_MATCH = YES;
				COPY_PHASE_STRIP = NO;
				DEBUG_INFORMATION_FORMAT = "dwarf-with-dsym";
				ENABLE_NS_ASSERTIONS = NO;
				ENABLE_STRICT_OBJC_MSGSEND = YES;
				ENABLE_USER_SCRIPT_SANDBOXING = YES;
				GCC_C_LANGUAGE_STANDARD = gnu17;
				GCC_NO_COMMON_BLOCKS = YES;
				GCC_WARN_64_TO_32_BIT_CONVERSION = YES;
				GCC_WARN_ABOUT_RETURN_TYPE = YES_ERROR;
				GCC_WARN_UNDECLARED_SELECTOR = YES;
				GCC_WARN_UNINITIALIZED_AUTOS = YES_AGGRESSIVE;
				GCC_WARN_UNUSED_FUNCTION = YES;
				GCC_WARN_UNUSED_VARIABLE = YES;
				MTL_FAST_MATH = YES;
				SWIFT_COMPILATION_MODE = wholemodule;
			};
			name = Release;
		};
		1A0000000000000000000003 /* Debug */ = {
			isa = XCBuildConfiguration;
			buildSettings = {
				CODE_SIGN_STYLE = Automatic;
				CURRENT_PROJECT_VERSION = 1;
				DEVELOPMENT_TEAM = "";
				GENERATE_INFOPLIST_FILE = NO;
				INFOPLIST_FILE = HyperlocalNews/Info.plist;
				INFOPLIST_KEY_CFBundleDisplayName = "Local Companion";
				INFOPLIST_KEY_LSApplicationCategoryType = "public.app-category.news";
				INFOPLIST_KEY_NSLocationWhenInUseUsageDescription = "Your location is used to show live local weather and adapt the weather companion.";
				INFOPLIST_KEY_UIApplicationSceneManifest_Generation = YES;
				INFOPLIST_KEY_UIApplicationSupportsIndirectInputEvents = YES;
				INFOPLIST_KEY_UILaunchScreen_Generation = YES;
				IPHONEOS_DEPLOYMENT_TARGET = 18.0;
				LD_RUNPATH_SEARCH_PATHS = (
					"$(inherited)",
					"@executable_path/Frameworks",
				);
				MARKETING_VERSION = 1.0;
				PRODUCT_BUNDLE_IDENTIFIER = com.siddhikakani.HyperlocalNews;
				PRODUCT_NAME = "$(TARGET_NAME)";
				SDKROOT = iphoneos;
				SUPPORTED_PLATFORMS = "iphoneos iphonesimulator";
				SWIFT_EMIT_LOC_STRINGS = YES;
				SWIFT_VERSION = 6.0;
				TARGETED_DEVICE_FAMILY = 1;
			};
			name = Debug;
		};
		1A0000000000000000000004 /* Release */ = {
			isa = XCBuildConfiguration;
			buildSettings = {
				CODE_SIGN_STYLE = Automatic;
				CURRENT_PROJECT_VERSION = 1;
				DEVELOPMENT_TEAM = "";
				GENERATE_INFOPLIST_FILE = NO;
				INFOPLIST_FILE = HyperlocalNews/Info.plist;
				INFOPLIST_KEY_CFBundleDisplayName = "Local Companion";
				INFOPLIST_KEY_LSApplicationCategoryType = "public.app-category.news";
				INFOPLIST_KEY_NSLocationWhenInUseUsageDescription = "Your location is used to show live local weather and adapt the weather companion.";
				INFOPLIST_KEY_UIApplicationSceneManifest_Generation = YES;
				INFOPLIST_KEY_UIApplicationSupportsIndirectInputEvents = YES;
				INFOPLIST_KEY_UILaunchScreen_Generation = YES;
				IPHONEOS_DEPLOYMENT_TARGET = 18.0;
				LD_RUNPATH_SEARCH_PATHS = (
					"$(inherited)",
					"@executable_path/Frameworks",
				);
				MARKETING_VERSION = 1.0;
				PRODUCT_BUNDLE_IDENTIFIER = com.siddhikakani.HyperlocalNews;
				PRODUCT_NAME = "$(TARGET_NAME)";
				SDKROOT = iphoneos;
				SUPPORTED_PLATFORMS = "iphoneos iphonesimulator";
				SWIFT_EMIT_LOC_STRINGS = YES;
				SWIFT_VERSION = 6.0;
				TARGETED_DEVICE_FAMILY = 1;
			};
			name = Release;
		};
/* End XCBuildConfiguration section */

/* Begin XCConfigurationList section */
		190000000000000000000001 /* Build configuration list for PBXProject "HyperlocalNews" */ = {
			isa = XCConfigurationList;
			buildConfigurations = (
				1A0000000000000000000001 /* Debug */,
				1A0000000000000000000002 /* Release */,
			);
			defaultConfigurationIsVisible = 0;
			defaultConfigurationName = Release;
		};
		190000000000000000000002 /* Build configuration list for PBXNativeTarget "HyperlocalNews" */ = {
			isa = XCConfigurationList;
			buildConfigurations = (
				1A0000000000000000000003 /* Debug */,
				1A0000000000000000000004 /* Release */,
			);
			defaultConfigurationIsVisible = 0;
			defaultConfigurationName = Release;
		};
/* End XCConfigurationList section */
	};
	rootObject = 180000000000000000000001 /* Project object */;
}
